
Microsoft Visual Studio Solution File, Format Version 12.00
# Visual Studio Version 17
VisualStudioVersion = 17.5.002.0
MinimumVisualStudioVersion = 10.0.40219.1
Project("{2150E333-8FDC-42A3-9474-1A3956D46DE8}") = "Shopy", "Shopy", "{01BF9979-A627-439F-820E-25D588B28E10}"
EndProject
Project("{2150E333-8FDC-42A3-9474-1A3956D46DE8}") = "backend", "backend", "{AD05CB55-A217-44BF-B01E-E592E477C9F3}"
EndProject
Project("{9A19103F-16F7-4668-BE54-9A1E7A4F7556}") = "ShopyBackend", "Shopy\backend\ShopyBackend\ShopyBackend.csproj", "{4A3E00D3-5B52-491B-8B9D-75BF8A1F2C45}"
EndProject
Global
	GlobalSection(SolutionConfigurationPlatforms) = preSolution
		Debug|Any CPU = Debug|Any CPU
		Release|Any CPU = Release|Any CPU
	EndGlobalSection
	GlobalSection(ProjectConfigurationPlatforms) = postSolution
		{4A3E00D3-5B52-491B-8B9D-75BF8A1F2C45}.Debug|Any CPU.ActiveCfg = Debug|Any CPU
		{4A3E00D3-5B52-491B-8B9D-75BF8A1F2C45}.Debug|Any CPU.Build.0 = Debug|Any CPU
		{4A3E00D3-5B52-491B-8B9D-75BF8A1F2C45}.Release|Any CPU.ActiveCfg = Release|Any CPU
		{4A3E00D3-5B52-491B-8B9D-75BF8A1F2C45}.Release|Any CPU.Build.0 = Release|Any CPU
	EndGlobalSection
	GlobalSection(SolutionProperties) = preSolution
		HideSolutionNode = FALSE
	EndGlobalSection
	GlobalSection(NestedProjects) = preSolution
		{AD05CB55-A217-44BF-B01E-E592E477C9F3} = {01BF9979-A627-439F-820E-25D588B28E10}
		{4A3E00D3-5B52-491B-8B9D-75BF8A1F2C45} = {AD05CB55-A217-44BF-B01E-E592E477C9F3}
	EndGlobalSection
	GlobalSection(ExtensibilityGlobals) = postSolution
		SolutionGuid = {18F5842A-E064-4043-B884-5212AB96516A}
	EndGlobalSection
EndGlobal
